
Microsoft Visual Studio Solution File, Format Version 12.00
# Visual Studio Version 17
VisualStudioVersion = 17.0.31912.275
MinimumVisualStudioVersion = 10.0.40219.1
Project("{FAE04EC0-301F-11D3-BF4B-00C04F79EFBC}") = "AoCHelper", "AoCHelper.csproj", "{B01AAE59-DD17-446A-B9AE-248F3454A06C}"
EndProject
Global
	GlobalSection(SolutionConfigurationPlatforms) = preSolution
		Debug|Any CPU = Debug|Any CPU
		Release|Any CPU = Release|Any CPU
	EndGlobalSection
	GlobalSection(ProjectConfigurationPlatforms) = postSolution
		{B01AAE59-DD17-446A-B9AE-248F3454A06C}.Debug|Any CPU.ActiveCfg = Debug|Any CPU
		{B01AAE59-DD17-446A-B9AE-248F3454A06C}.Debug|Any CPU.Build.0 = Debug|Any CPU
		{B01AAE59-DD17-446A-B9AE-248F3454A06C}.Release|Any CPU.ActiveCfg = Release|Any CPU
		{B01AAE59-DD17-446A-B9AE-248F3454A06C}.Release|Any CPU.Build.0 = Release|Any CPU
	EndGlobalSection
	GlobalSection(SolutionProperties) = preSolution
		HideSolutionNode = FALSE
	EndGlobalSection
	GlobalSection(ExtensibilityGlobals) = postSolution
		SolutionGuid = {C9354F9F-6CA5-4BBA-81FD-40FBEC4D90AA}
	EndGlobalSection
EndGlobal
